// !$*UTF8*$!
{
	archiveVersion = 1;
	classes = {
	};
	objectVersion = 55;
	objects = {

/* Begin PBXBuildFile section */
		0D0221F328B61B7A00B6E2A4 /* start_animation.json in Resources */ = {isa = PBXBuildFile; fileRef = 0D0221F228B61B7A00B6E2A4 /* start_animation.json */; };
		0D0221F528B6367800B6E2A4 /* wave.json in Resources */ = {isa = PBXBuildFile; fileRef = 0D0221F428B6367800B6E2A4 /* wave.json */; };
		0D72C1EA28ACD4DA00F5AB77 /* ShakeViewController.swift in Sources */ = {isa = PBXBuildFile; fileRef = 0D72C1E828ACD4DA00F5AB77 /* ShakeViewController.swift */; };
		0D72C1EB28ACD4DA00F5AB77 /* ShakeViewController.xib in Resources */ = {isa = PBXBuildFile; fileRef = 0D72C1E928ACD4DA00F5AB77 /* ShakeViewController.xib */; };
		0D72C1EE28ACD9F200F5AB77 /* RecordViewController.swift in Sources */ = {isa = PBXBuildFile; fileRef = 0D72C1EC28ACD9F200F5AB77 /* RecordViewController.swift */; };
		0D72C1EF28ACD9F200F5AB77 /* RecordViewController.xib in Resources */ = {isa = PBXBuildFile; fileRef = 0D72C1ED28ACD9F200F5AB77 /* RecordViewController.xib */; };
		0DD8AD4C28ABB6F700823911 /* FlashObservation.swift in Sources */ = {isa = PBXBuildFile; fileRef = 0DD8AD4B28ABB6F700823911 /* FlashObservation.swift */; };
		0DD8AD4F28ACBA0A00823911 /* MainViewController.swift in Sources */ = {isa = PBXBuildFile; fileRef = 0DD8AD4D28ACBA0A00823911 /* MainViewController.swift */; };
		0DD8AD5028ACBA0A00823911 /* MainViewController.xib in Resources */ = {isa = PBXBuildFile; fileRef = 0DD8AD4E28ACBA0A00823911 /* MainViewController.xib */; };
		0DD8AD5828ACC18B00823911 /* MotionViewController.swift in Sources */ = {isa = PBXBuildFile; fileRef = 0DD8AD5628ACC18B00823911 /* MotionViewController.swift */; };
		0DD8AD5928ACC18B00823911 /* MotionViewController.xib in Resources */ = {isa = PBXBuildFile; fileRef = 0DD8AD5728ACC18B00823911 /* MotionViewController.xib */; };
		0DD8AD5C28ACC58E00823911 /* TapGestureViewController.swift in Sources */ = {isa = PBXBuildFile; fileRef = 0DD8AD5A28ACC58D00823911 /* TapGestureViewController.swift */; };
		0DD8AD5D28ACC58E00823911 /* TapGestureViewController.xib in Resources */ = {isa = PBXBuildFile; fileRef = 0DD8AD5B28ACC58D00823911 /* TapGestureViewController.xib */; };
		0DF8EC4128B4FADD00EC75BB /* beeep.mp3 in Resources */ = {isa = PBXBuildFile; fileRef = 0DF8EC4028B4FADC00EC75BB /* beeep.mp3 */; };
		0DF8EC4328B4FC3500EC75BB /* beeeep.mp3 in Resources */ = {isa = PBXBuildFile; fileRef = 0DF8EC4228B4FC3500EC75BB /* beeeep.mp3 */; };
		42B1C15F178B6B93B2A2CD70 /* Pods_Screen_Audio_Record.framework in Frameworks */ = {isa = PBXBuildFile; fileRef = C223F0A6039DE948FEA4DE2A /* Pods_Screen_Audio_Record.framework */; };
		845E6ADC28A75E8400E3DC07 /* AppDelegate.swift in Sources */ = {isa = PBXBuildFile; fileRef = 845E6ADB28A75E8400E3DC07 /* AppDelegate.swift */; };
		845E6ADE28A75E8400E3DC07 /* SceneDelegate.swift in Sources */ = {isa = PBXBuildFile; fileRef = 845E6ADD28A75E8400E3DC07 /* SceneDelegate.swift */; };
		845E6AE328A75E8400E3DC07 /* Main.storyboard in Resources */ = {isa = PBXBuildFile; fileRef = 845E6AE128A75E8400E3DC07 /* Main.storyboard */; };
		845E6AE528A75E8800E3DC07 /* Assets.xcassets in Resources */ = {isa = PBXBuildFile; fileRef = 845E6AE428A75E8800E3DC07 /* Assets.xcassets */; };
		845E6AE828A75E8800E3DC07 /* LaunchScreen.storyboard in Resources */ = {isa = PBXBuildFile; fileRef = 845E6AE628A75E8800E3DC07 /* LaunchScreen.storyboard */; };
		845E6AF228A79A0100E3DC07 /* recordingNow.mp3 in Resources */ = {isa = PBXBuildFile; fileRef = 845E6AF028A79A0000E3DC07 /* recordingNow.mp3 */; };
		845E6AF328A79A0100E3DC07 /* recordingStopped.mp3 in Resources */ = {isa = PBXBuildFile; fileRef = 845E6AF128A79A0100E3DC07 /* recordingStopped.mp3 */; };
		8491934F28AE298B006B4012 /* PlayRecordingsViewController.swift in Sources */ = {isa = PBXBuildFile; fileRef = 8491934D28AE298B006B4012 /* PlayRecordingsViewController.swift */; };
		8491935028AE298B006B4012 /* PlayRecordingsViewController.xib in Resources */ = {isa = PBXBuildFile; fileRef = 8491934E28AE298B006B4012 /* PlayRecordingsViewController.xib */; };
		8491935328AE2AC6006B4012 /* PlayRecordingsTableViewCell.swift in Sources */ = {isa = PBXBuildFile; fileRef = 8491935128AE2AC6006B4012 /* PlayRecordingsTableViewCell.swift */; };
		8491935428AE2AC6006B4012 /* PlayRecordingsTableViewCell.xib in Resources */ = {isa = PBXBuildFile; fileRef = 8491935228AE2AC6006B4012 /* PlayRecordingsTableViewCell.xib */; };
		8499250A28B779C5006866A7 /* MediaPlayerViewController.swift in Sources */ = {isa = PBXBuildFile; fileRef = 8499250828B779C5006866A7 /* MediaPlayerViewController.swift */; };
		8499250B28B779C5006866A7 /* MediaPlayerViewController.xib in Resources */ = {isa = PBXBuildFile; fileRef = 8499250928B779C5006866A7 /* MediaPlayerViewController.xib */; };
/* End PBXBuildFile section */

/* Begin PBXFileReference section */
		0D0221F228B61B7A00B6E2A4 /* start_animation.json */ = {isa = PBXFileReference; lastKnownFileType = text.json; path = start_animation.json; sourceTree = "<group>"; };
		0D0221F428B6367800B6E2A4 /* wave.json */ = {isa = PBXFileReference; lastKnownFileType = text.json; path = wave.json; sourceTree = "<group>"; };
		0D72C1E828ACD4DA00F5AB77 /* ShakeViewController.swift */ = {isa = PBXFileReference; lastKnownFileType = sourcecode.swift; path = ShakeViewController.swift; sourceTree = "<group>"; };
		0D72C1E928ACD4DA00F5AB77 /* ShakeViewController.xib */ = {isa = PBXFileReference; lastKnownFileType = file.xib; path = ShakeViewController.xib; sourceTree = "<group>"; };
		0D72C1EC28ACD9F200F5AB77 /* RecordViewController.swift */ = {isa = PBXFileReference; lastKnownFileType = sourcecode.swift; path = RecordViewController.swift; sourceTree = "<group>"; };
		0D72C1ED28ACD9F200F5AB77 /* RecordViewController.xib */ = {isa = PBXFileReference; lastKnownFileType = file.xib; path = RecordViewController.xib; sourceTree = "<group>"; };
		0DD8AD4B28ABB6F700823911 /* FlashObservation.swift */ = {isa = PBXFileReference; lastKnownFileType = sourcecode.swift; path = FlashObservation.swift; sourceTree = "<group>"; };
		0DD8AD4D28ACBA0A00823911 /* MainViewController.swift */ = {isa = PBXFileReference; lastKnownFileType = sourcecode.swift; path = MainViewController.swift; sourceTree = "<group>"; };
		0DD8AD4E28ACBA0A00823911 /* MainViewController.xib */ = {isa = PBXFileReference; lastKnownFileType = file.xib; path = MainViewController.xib; sourceTree = "<group>"; };
		0DD8AD5628ACC18B00823911 /* MotionViewController.swift */ = {isa = PBXFileReference; lastKnownFileType = sourcecode.swift; path = MotionViewController.swift; sourceTree = "<group>"; };
		0DD8AD5728ACC18B00823911 /* MotionViewController.xib */ = {isa = PBXFileReference; lastKnownFileType = file.xib; path = MotionViewController.xib; sourceTree = "<group>"; };
		0DD8AD5A28ACC58D00823911 /* TapGestureViewController.swift */ = {isa = PBXFileReference; lastKnownFileType = sourcecode.swift; path = TapGestureViewController.swift; sourceTree = "<group>"; };
		0DD8AD5B28ACC58D00823911 /* TapGestureViewController.xib */ = {isa = PBXFileReference; lastKnownFileType = file.xib; path = TapGestureViewController.xib; sourceTree = "<group>"; };
		0DF8EC4028B4FADC00EC75BB /* beeep.mp3 */ = {isa = PBXFileReference; lastKnownFileType = audio.mp3; path = beeep.mp3; sourceTree = "<group>"; };
		0DF8EC4228B4FC3500EC75BB /* beeeep.mp3 */ = {isa = PBXFileReference; lastKnownFileType = audio.mp3; path = beeeep.mp3; sourceTree = "<group>"; };
		257E35D7E0DB494149BAB937 /* Pods-Screen Audio Record.release.xcconfig */ = {isa = PBXFileReference; includeInIndex = 1; lastKnownFileType = text.xcconfig; name = "Pods-Screen Audio Record.release.xcconfig"; path = "Target Support Files/Pods-Screen Audio Record/Pods-Screen Audio Record.release.xcconfig"; sourceTree = "<group>"; };
		845E6AD828A75E8400E3DC07 /* Screen Audio Record.app */ = {isa = PBXFileReference; explicitFileType = wrapper.application; includeInIndex = 0; path = "Screen Audio Record.app"; sourceTree = BUILT_PRODUCTS_DIR; };
		845E6ADB28A75E8400E3DC07 /* AppDelegate.swift */ = {isa = PBXFileReference; lastKnownFileType = sourcecode.swift; path = AppDelegate.swift; sourceTree = "<group>"; };
		845E6ADD28A75E8400E3DC07 /* SceneDelegate.swift */ = {isa = PBXFileReference; lastKnownFileType = sourcecode.swift; path = SceneDelegate.swift; sourceTree = "<group>"; };
		845E6AE228A75E8400E3DC07 /* Base */ = {isa = PBXFileReference; lastKnownFileType = file.storyboard; name = Base; path = Base.lproj/Main.storyboard; sourceTree = "<group>"; };
		845E6AE428A75E8800E3DC07 /* Assets.xcassets */ = {isa = PBXFileReference; lastKnownFileType = folder.assetcatalog; path = Assets.xcassets; sourceTree = "<group>"; };
		845E6AE728A75E8800E3DC07 /* Base */ = {isa = PBXFileReference; lastKnownFileType = file.storyboard; name = Base; path = Base.lproj/LaunchScreen.storyboard; sourceTree = "<group>"; };
		845E6AE928A75E8800E3DC07 /* Info.plist */ = {isa = PBXFileReference; lastKnownFileType = text.plist.xml; path = Info.plist; sourceTree = "<group>"; };
		845E6AF028A79A0000E3DC07 /* recordingNow.mp3 */ = {isa = PBXFileReference; lastKnownFileType = audio.mp3; path = recordingNow.mp3; sourceTree = "<group>"; };
		845E6AF128A79A0100E3DC07 /* recordingStopped.mp3 */ = {isa = PBXFileReference; lastKnownFileType = audio.mp3; path = recordingStopped.mp3; sourceTree = "<group>"; };
		8491934D28AE298B006B4012 /* PlayRecordingsViewController.swift */ = {isa = PBXFileReference; lastKnownFileType = sourcecode.swift; path = PlayRecordingsViewController.swift; sourceTree = "<group>"; };
		8491934E28AE298B006B4012 /* PlayRecordingsViewController.xib */ = {isa = PBXFileReference; lastKnownFileType = file.xib; path = PlayRecordingsViewController.xib; sourceTree = "<group>"; };
		8491935128AE2AC6006B4012 /* PlayRecordingsTableViewCell.swift */ = {isa = PBXFileReference; lastKnownFileType = sourcecode.swift; path = PlayRecordingsTableViewCell.swift; sourceTree = "<group>"; };
		8491935228AE2AC6006B4012 /* PlayRecordingsTableViewCell.xib */ = {isa = PBXFileReference; lastKnownFileType = file.xib; path = PlayRecordingsTableViewCell.xib; sourceTree = "<group>"; };
		8499250828B779C5006866A7 /* MediaPlayerViewController.swift */ = {isa = PBXFileReference; lastKnownFileType = sourcecode.swift; path = MediaPlayerViewController.swift; sourceTree = "<group>"; };
		8499250928B779C5006866A7 /* MediaPlayerViewController.xib */ = {isa = PBXFileReference; lastKnownFileType = file.xib; path = MediaPlayerViewController.xib; sourceTree = "<group>"; };
		B182E4AFE1C4107A04DD7BCA /* Pods-Screen Audio Record.debug.xcconfig */ = {isa = PBXFileReference; includeInIndex = 1; lastKnownFileType = text.xcconfig; name = "Pods-Screen Audio Record.debug.xcconfig"; path = "Target Support Files/Pods-Screen Audio Record/Pods-Screen Audio Record.debug.xcconfig"; sourceTree = "<group>"; };
		C223F0A6039DE948FEA4DE2A /* Pods_Screen_Audio_Record.framework */ = {isa = PBXFileReference; explicitFileType = wrapper.framework; includeInIndex = 0; path = Pods_Screen_Audio_Record.framework; sourceTree = BUILT_PRODUCTS_DIR; };
/* End PBXFileReference section */

/* Begin PBXFrameworksBuildPhase section */
		845E6AD528A75E8400E3DC07 /* Frameworks */ = {
			isa = PBXFrameworksBuildPhase;
			buildActionMask = 2147483647;
			files = (
				42B1C15F178B6B93B2A2CD70 /* Pods_Screen_Audio_Record.framework in Frameworks */,
			);
			runOnlyForDeploymentPostprocessing = 0;
		};
/* End PBXFrameworksBuildPhase section */

/* Begin PBXGroup section */
		0DD8AD5128ACBA2C00823911 /* VC */ = {
			isa = PBXGroup;
			children = (
				0DD8AD4D28ACBA0A00823911 /* MainViewController.swift */,
				8491934D28AE298B006B4012 /* PlayRecordingsViewController.swift */,
				8491934E28AE298B006B4012 /* PlayRecordingsViewController.xib */,
				8491935128AE2AC6006B4012 /* PlayRecordingsTableViewCell.swift */,
				8491935228AE2AC6006B4012 /* PlayRecordingsTableViewCell.xib */,
				0DD8AD5628ACC18B00823911 /* MotionViewController.swift */,
				0DD8AD5728ACC18B00823911 /* MotionViewController.xib */,
				0DD8AD5A28ACC58D00823911 /* TapGestureViewController.swift */,
				8499250828B779C5006866A7 /* MediaPlayerViewController.swift */,
				8499250928B779C5006866A7 /* MediaPlayerViewController.xib */,
				0DD8AD5B28ACC58D00823911 /* TapGestureViewController.xib */,
				0D72C1E828ACD4DA00F5AB77 /* ShakeViewController.swift */,
				0D72C1E928ACD4DA00F5AB77 /* ShakeViewController.xib */,
				0D72C1EC28ACD9F200F5AB77 /* RecordViewController.swift */,
				0D72C1ED28ACD9F200F5AB77 /* RecordViewController.xib */,
				0D0221F228B61B7A00B6E2A4 /* start_animation.json */,
				0D0221F428B6367800B6E2A4 /* wave.json */,
			);
			path = VC;
			sourceTree = "<group>";
		};
		0DD8AD5428ACBA5800823911 /* Views */ = {
			isa = PBXGroup;
			children = (
				0DD8AD4E28ACBA0A00823911 /* MainViewController.xib */,
			);
			path = Views;
			sourceTree = "<group>";
		};
		0DD8AD5528ACBAA800823911 /* New Group */ = {
			isa = PBXGroup;
			children = (
			);
			path = "New Group";
			sourceTree = "<group>";
		};
		845E6ACF28A75E8400E3DC07 = {
			isa = PBXGroup;
			children = (
				845E6ADA28A75E8400E3DC07 /* Screen Audio Record */,
				845E6AD928A75E8400E3DC07 /* Products */,
				FDA0C68D6BF10C1CC8267F2E /* Pods */,
				DB0B6C4D60254FADEE45394F /* Frameworks */,
			);
			sourceTree = "<group>";
		};
		845E6AD928A75E8400E3DC07 /* Products */ = {
			isa = PBXGroup;
			children = (
				845E6AD828A75E8400E3DC07 /* Screen Audio Record.app */,
			);
			name = Products;
			sourceTree = "<group>";
		};
		845E6ADA28A75E8400E3DC07 /* Screen Audio Record */ = {
			isa = PBXGroup;
			children = (
				0DD8AD5528ACBAA800823911 /* New Group */,
				0DD8AD5428ACBA5800823911 /* Views */,
				0DD8AD5128ACBA2C00823911 /* VC */,
				845E6ADB28A75E8400E3DC07 /* AppDelegate.swift */,
				845E6ADD28A75E8400E3DC07 /* SceneDelegate.swift */,
				845E6AE128A75E8400E3DC07 /* Main.storyboard */,
				0DD8AD4B28ABB6F700823911 /* FlashObservation.swift */,
				845E6AE428A75E8800E3DC07 /* Assets.xcassets */,
				845E6AE628A75E8800E3DC07 /* LaunchScreen.storyboard */,
				845E6AF428A79E1100E3DC07 /* Media */,
				845E6AE928A75E8800E3DC07 /* Info.plist */,
			);
			path = "Screen Audio Record";
			sourceTree = "<group>";
		};
		845E6AF428A79E1100E3DC07 /* Media */ = {
			isa = PBXGroup;
			children = (
				0DF8EC4228B4FC3500EC75BB /* beeeep.mp3 */,
				0DF8EC4028B4FADC00EC75BB /* beeep.mp3 */,
				845E6AF028A79A0000E3DC07 /* recordingNow.mp3 */,
				845E6AF128A79A0100E3DC07 /* recordingStopped.mp3 */,
			);
			path = Media;
			sourceTree = "<group>";
		};
		DB0B6C4D60254FADEE45394F /* Frameworks */ = {
			isa = PBXGroup;
			children = (
				C223F0A6039DE948FEA4DE2A /* Pods_Screen_Audio_Record.framework */,
			);
			name = Frameworks;
			sourceTree = "<group>";
		};
		FDA0C68D6BF10C1CC8267F2E /* Pods */ = {
			isa = PBXGroup;
			children = (
				B182E4AFE1C4107A04DD7BCA /* Pods-Screen Audio Record.debug.xcconfig */,
				257E35D7E0DB494149BAB937 /* Pods-Screen Audio Record.release.xcconfig */,
			);
			path = Pods;
			sourceTree = "<group>";
		};
/* End PBXGroup section */

/* Begin PBXNativeTarget section */
		845E6AD728A75E8400E3DC07 /* Screen Audio Record */ = {
			isa = PBXNativeTarget;
			buildConfigurationList = 845E6AEC28A75E8800E3DC07 /* Build configuration list for PBXNativeTarget "Screen Audio Record" */;
			buildPhases = (
				5D63186592A584CA7F6261B3 /* [CP] Check Pods Manifest.lock */,
				845E6AD428A75E8400E3DC07 /* Sources */,
				845E6AD528A75E8400E3DC07 /* Frameworks */,
				845E6AD628A75E8400E3DC07 /* Resources */,
				B38346B14930983B42A04C4A /* [CP] Embed Pods Frameworks */,
			);
			buildRules = (
			);
			dependencies = (
			);
			name = "Screen Audio Record";
			productName = "Screen Audio Record";
			productReference = 845E6AD828A75E8400E3DC07 /* Screen Audio Record.app */;
			productType = "com.apple.product-type.application";
		};
/* End PBXNativeTarget section */

/* Begin PBXProject section */
		845E6AD028A75E8400E3DC07 /* Project object */ = {
			isa = PBXProject;
			attributes = {
				BuildIndependentTargetsInParallel = 1;
				LastSwiftUpdateCheck = 1340;
				LastUpgradeCheck = 1340;
				TargetAttributes = {
					845E6AD728A75E8400E3DC07 = {
						CreatedOnToolsVersion = 13.4.1;
					};
				};
			};
			buildConfigurationList = 845E6AD328A75E8400E3DC07 /* Build configuration list for PBXProject "Screen Audio Record" */;
			compatibilityVersion = "Xcode 13.0";
			developmentRegion = en;
			hasScannedForEncodings = 0;
			knownRegions = (
				en,
				Base,
			);
			mainGroup = 845E6ACF28A75E8400E3DC07;
			productRefGroup = 845E6AD928A75E8400E3DC07 /* Products */;
			projectDirPath = "";
			projectRoot = "";
			targets = (
				845E6AD728A75E8400E3DC07 /* Screen Audio Record */,
			);
		};
/* End PBXProject section */

/* Begin PBXResourcesBuildPhase section */
		845E6AD628A75E8400E3DC07 /* Resources */ = {
			isa = PBXResourcesBuildPhase;
			buildActionMask = 2147483647;
			files = (
				0DD8AD5D28ACC58E00823911 /* TapGestureViewController.xib in Resources */,
				8499250B28B779C5006866A7 /* MediaPlayerViewController.xib in Resources */,
				8491935028AE298B006B4012 /* PlayRecordingsViewController.xib in Resources */,
				0D72C1EF28ACD9F200F5AB77 /* RecordViewController.xib in Resources */,
				845E6AF328A79A0100E3DC07 /* recordingStopped.mp3 in Resources */,
				0D0221F528B6367800B6E2A4 /* wave.json in Resources */,
				0DD8AD5028ACBA0A00823911 /* MainViewController.xib in Resources */,
				0D0221F328B61B7A00B6E2A4 /* start_animation.json in Resources */,
				8491935428AE2AC6006B4012 /* PlayRecordingsTableViewCell.xib in Resources */,
				0DF8EC4328B4FC3500EC75BB /* beeeep.mp3 in Resources */,
				0DF8EC4128B4FADD00EC75BB /* beeep.mp3 in Resources */,
				845E6AE828A75E8800E3DC07 /* LaunchScreen.storyboard in Resources */,
				0DD8AD5928ACC18B00823911 /* MotionViewController.xib in Resources */,
				845E6AE528A75E8800E3DC07 /* Assets.xcassets in Resources */,
				845E6AE328A75E8400E3DC07 /* Main.storyboard in Resources */,
				0D72C1EB28ACD4DA00F5AB77 /* ShakeViewController.xib in Resources */,
				845E6AF228A79A0100E3DC07 /* recordingNow.mp3 in Resources */,
			);
			runOnlyForDeploymentPostprocessing = 0;
		};
/* End PBXResourcesBuildPhase section */

/* Begin PBXShellScriptBuildPhase section */
		5D63186592A584CA7F6261B3 /* [CP] Check Pods Manifest.lock */ = {
			isa = PBXShellScriptBuildPhase;
			buildActionMask = 2147483647;
			files = (
			);
			inputFileListPaths = (
			);
			inputPaths = (
				"${PODS_PODFILE_DIR_PATH}/Podfile.lock",
				"${PODS_ROOT}/Manifest.lock",
			);
			name = "[CP] Check Pods Manifest.lock";
			outputFileListPaths = (
			);
			outputPaths = (
				"$(DERIVED_FILE_DIR)/Pods-Screen Audio Record-checkManifestLockResult.txt",
			);
			runOnlyForDeploymentPostprocessing = 0;
			shellPath = /bin/sh;
			shellScript = "diff \"${PODS_PODFILE_DIR_PATH}/Podfile.lock\" \"${PODS_ROOT}/Manifest.lock\" > /dev/null\nif [ $? != 0 ] ; then\n    # print error to STDERR\n    echo \"error: The sandbox is not in sync with the Podfile.lock. Run 'pod install' or update your CocoaPods installation.\" >&2\n    exit 1\nfi\n# This output is used by Xcode 'outputs' to avoid re-running this script phase.\necho \"SUCCESS\" > \"${SCRIPT_OUTPUT_FILE_0}\"\n";
			showEnvVarsInLog = 0;
		};
		B38346B14930983B42A04C4A /* [CP] Embed Pods Frameworks */ = {
			isa = PBXShellScriptBuildPhase;
			buildActionMask = 2147483647;
			files = (
			);
			inputFileListPaths = (
				"${PODS_ROOT}/Target Support Files/Pods-Screen Audio Record/Pods-Screen Audio Record-frameworks-${CONFIGURATION}-input-files.xcfilelist",
			);
			name = "[CP] Embed Pods Frameworks";
			outputFileListPaths = (
				"${PODS_ROOT}/Target Support Files/Pods-Screen Audio Record/Pods-Screen Audio Record-frameworks-${CONFIGURATION}-output-files.xcfilelist",
			);
			runOnlyForDeploymentPostprocessing = 0;
			shellPath = /bin/sh;
			shellScript = "\"${PODS_ROOT}/Target Support Files/Pods-Screen Audio Record/Pods-Screen Audio Record-frameworks.sh\"\n";
			showEnvVarsInLog = 0;
		};
/* End PBXShellScriptBuildPhase section */

/* Begin PBXSourcesBuildPhase section */
		845E6AD428A75E8400E3DC07 /* Sources */ = {
			isa = PBXSourcesBuildPhase;
			buildActionMask = 2147483647;
			files = (
				0DD8AD5C28ACC58E00823911 /* TapGestureViewController.swift in Sources */,
				8499250A28B779C5006866A7 /* MediaPlayerViewController.swift in Sources */,
				8491935328AE2AC6006B4012 /* PlayRecordingsTableViewCell.swift in Sources */,
				0D72C1EA28ACD4DA00F5AB77 /* ShakeViewController.swift in Sources */,
				0DD8AD4C28ABB6F700823911 /* FlashObservation.swift in Sources */,
				0D72C1EE28ACD9F200F5AB77 /* RecordViewController.swift in Sources */,
				0DD8AD5828ACC18B00823911 /* MotionViewController.swift in Sources */,
				845E6ADC28A75E8400E3DC07 /* AppDelegate.swift in Sources */,
				845E6ADE28A75E8400E3DC07 /* SceneDelegate.swift in Sources */,
				0DD8AD4F28ACBA0A00823911 /* MainViewController.swift in Sources */,
				8491934F28AE298B006B4012 /* PlayRecordingsViewController.swift in Sources */,
			);
			runOnlyForDeploymentPostprocessing = 0;
		};
/* End PBXSourcesBuildPhase section */

/* Begin PBXVariantGroup section */
		845E6AE128A75E8400E3DC07 /* Main.storyboard */ = {
			isa = PBXVariantGroup;
			children = (
				845E6AE228A75E8400E3DC07 /* Base */,
			);
			name = Main.storyboard;
			sourceTree = "<group>";
		};
		845E6AE628A75E8800E3DC07 /* LaunchScreen.storyboard */ = {
			isa = PBXVariantGroup;
			children = (
				845E6AE728A75E8800E3DC07 /* Base */,
			);
			name = LaunchScreen.storyboard;
			sourceTree = "<group>";
		};
/* End PBXVariantGroup section */

/* Begin XCBuildConfiguration section */
		845E6AEA28A75E8800E3DC07 /* Debug */ = {
			isa = XCBuildConfiguration;
			buildSettings = {
				ALWAYS_SEARCH_USER_PATHS = NO;
				CLANG_ANALYZER_NONNULL = YES;
				CLANG_ANALYZER_NUMBER_OBJECT_CONVERSION = YES_AGGRESSIVE;
				CLANG_CXX_LANGUAGE_STANDARD = "gnu++17";
				CLANG_ENABLE_MODULES = YES;
				CLANG_ENABLE_OBJC_ARC = YES;
				CLANG_ENABLE_OBJC_WEAK = YES;
				CLANG_WARN_BLOCK_CAPTURE_AUTORELEASING = YES;
				CLANG_WARN_BOOL_CONVERSION = YES;
				CLANG_WARN_COMMA = YES;
				CLANG_WARN_CONSTANT_CONVERSION = YES;
				CLANG_WARN_DEPRECATED_OBJC_IMPLEMENTATIONS = YES;
				CLANG_WARN_DIRECT_OBJC_ISA_USAGE = YES_ERROR;
				CLANG_WARN_DOCUMENTATION_COMMENTS = YES;
				CLANG_WARN_EMPTY_BODY = YES;
				CLANG_WARN_ENUM_CONVERSION = YES;
				CLANG_WARN_INFINITE_RECURSION = YES;
				CLANG_WARN_INT_CONVERSION = YES;
				CLANG_WARN_NON_LITERAL_NULL_CONVERSION = YES;
				CLANG_WARN_OBJC_IMPLICIT_RETAIN_SELF = YES;
				CLANG_WARN_OBJC_LITERAL_CONVERSION = YES;
				CLANG_WARN_OBJC_ROOT_CLASS = YES_ERROR;
				CLANG_WARN_QUOTED_INCLUDE_IN_FRAMEWORK_HEADER = YES;
				CLANG_WARN_RANGE_LOOP_ANALYSIS = YES;
				CLANG_WARN_STRICT_PROTOTYPES = YES;
				CLANG_WARN_SUSPICIOUS_MOVE = YES;
				CLANG_WARN_UNGUARDED_AVAILABILITY = YES_AGGRESSIVE;
				CLANG_WARN_UNREACHABLE_CODE = YES;
				CLANG_WARN__DUPLICATE_METHOD_MATCH = YES;
				COPY_PHASE_STRIP = NO;
				DEBUG_INFORMATION_FORMAT = dwarf;
				ENABLE_STRICT_OBJC_MSGSEND = YES;
				ENABLE_TESTABILITY = YES;
				GCC_C_LANGUAGE_STANDARD = gnu11;
				GCC_DYNAMIC_NO_PIC = NO;
				GCC_NO_COMMON_BLOCKS = YES;
				GCC_OPTIMIZATION_LEVEL = 0;
				GCC_PREPROCESSOR_DEFINITIONS = (
					"DEBUG=1",
					"$(inherited)",
				);
				GCC_WARN_64_TO_32_BIT_CONVERSION = YES;
				GCC_WARN_ABOUT_RETURN_TYPE = YES_ERROR;
				GCC_WARN_UNDECLARED_SELECTOR = YES;
				GCC_WARN_UNINITIALIZED_AUTOS = YES_AGGRESSIVE;
				GCC_WARN_UNUSED_FUNCTION = YES;
				GCC_WARN_UNUSED_VARIABLE = YES;
				IPHONEOS_DEPLOYMENT_TARGET = 15.5;
				MTL_ENABLE_DEBUG_INFO = INCLUDE_SOURCE;
				MTL_FAST_MATH = YES;
				ONLY_ACTIVE_ARCH = YES;
				SDKROOT = iphoneos;
				SWIFT_ACTIVE_COMPILATION_CONDITIONS = DEBUG;
				SWIFT_OPTIMIZATION_LEVEL = "-Onone";
			};
			name = Debug;
		};
		845E6AEB28A75E8800E3DC07 /* Release */ = {
			isa = XCBuildConfiguration;
			buildSettings = {
				ALWAYS_SEARCH_USER_PATHS = NO;
				CLANG_ANALYZER_NONNULL = YES;
				CLANG_ANALYZER_NUMBER_OBJECT_CONVERSION = YES_AGGRESSIVE;
				CLANG_CXX_LANGUAGE_STANDARD = "gnu++17";
				CLANG_ENABLE_MODULES = YES;
				CLANG_ENABLE_OBJC_ARC = YES;
				CLANG_ENABLE_OBJC_WEAK = YES;
				CLANG_WARN_BLOCK_CAPTURE_AUTORELEASING = YES;
				CLANG_WARN_BOOL_CONVERSION = YES;
				CLANG_WARN_COMMA = YES;
				CLANG_WARN_CONSTANT_CONVERSION = YES;
				CLANG_WARN_DEPRECATED_OBJC_IMPLEMENTATIONS = YES;
				CLANG_WARN_DIRECT_OBJC_ISA_USAGE = YES_ERROR;
				CLANG_WARN_DOCUMENTATION_COMMENTS = YES;
				CLANG_WARN_EMPTY_BODY = YES;
				CLANG_WARN_ENUM_CONVERSION = YES;
				CLANG_WARN_INFINITE_RECURSION = YES;
				CLANG_WARN_INT_CONVERSION = YES;
				CLANG_WARN_NON_LITERAL_NULL_CONVERSION = YES;
				CLANG_WARN_OBJC_IMPLICIT_RETAIN_SELF = YES;
				CLANG_WARN_OBJC_LITERAL_CONVERSION = YES;
				CLANG_WARN_OBJC_ROOT_CLASS = YES_ERROR;
				CLANG_WARN_QUOTED_INCLUDE_IN_FRAMEWORK_HEADER = YES;
				CLANG_WARN_RANGE_LOOP_ANALYSIS = YES;
				CLANG_WARN_STRICT_PROTOTYPES = YES;
				CLANG_WARN_SUSPICIOUS_MOVE = YES;
				CLANG_WARN_UNGUARDED_AVAILABILITY = YES_AGGRESSIVE;
				CLANG_WARN_UNREACHABLE_CODE = YES;
				CLANG_WARN__DUPLICATE_METHOD_MATCH = YES;
				COPY_PHASE_STRIP = NO;
				DEBUG_INFORMATION_FORMAT = "dwarf-with-dsym";
				ENABLE_NS_ASSERTIONS = NO;
				ENABLE_STRICT_OBJC_MSGSEND = YES;
				GCC_C_LANGUAGE_STANDARD = gnu11;
				GCC_NO_COMMON_BLOCKS = YES;
				GCC_WARN_64_TO_32_BIT_CONVERSION = YES;
				GCC_WARN_ABOUT_RETURN_TYPE = YES_ERROR;
				GCC_WARN_UNDECLARED_SELECTOR = YES;
				GCC_WARN_UNINITIALIZED_AUTOS = YES_AGGRESSIVE;
				GCC_WARN_UNUSED_FUNCTION = YES;
				GCC_WARN_UNUSED_VARIABLE = YES;
				IPHONEOS_DEPLOYMENT_TARGET = 15.5;
				MTL_ENABLE_DEBUG_INFO = NO;
				MTL_FAST_MATH = YES;
				SDKROOT = iphoneos;
				SWIFT_COMPILATION_MODE = wholemodule;
				SWIFT_OPTIMIZATION_LEVEL = "-O";
				VALIDATE_PRODUCT = YES;
			};
			name = Release;
		};
		845E6AED28A75E8800E3DC07 /* Debug */ = {
			isa = XCBuildConfiguration;
			baseConfigurationReference = B182E4AFE1C4107A04DD7BCA /* Pods-Screen Audio Record.debug.xcconfig */;
			buildSettings = {
				ASSETCATALOG_COMPILER_APPICON_NAME = AppIcon;
				ASSETCATALOG_COMPILER_GLOBAL_ACCENT_COLOR_NAME = AccentColor;
				CODE_SIGN_STYLE = Automatic;
				CURRENT_PROJECT_VERSION = 9;
				DEVELOPMENT_TEAM = EX4A386PXY;
				GENERATE_INFOPLIST_FILE = YES;
				INFOPLIST_FILE = "Screen Audio Record/Info.plist";
				INFOPLIST_KEY_CFBundleDisplayName = "Flash Monitor App";
				INFOPLIST_KEY_NSMicrophoneUsageDescription = "App requires Microphone Permissions to record your voice.";
				INFOPLIST_KEY_UIApplicationSupportsIndirectInputEvents = YES;
				INFOPLIST_KEY_UILaunchStoryboardName = LaunchScreen;
				INFOPLIST_KEY_UIMainStoryboardFile = Main;
				INFOPLIST_KEY_UISupportedInterfaceOrientations_iPad = "UIInterfaceOrientationPortrait UIInterfaceOrientationPortraitUpsideDown UIInterfaceOrientationLandscapeLeft UIInterfaceOrientationLandscapeRight";
				INFOPLIST_KEY_UISupportedInterfaceOrientations_iPhone = "UIInterfaceOrientationPortrait UIInterfaceOrientationLandscapeLeft UIInterfaceOrientationLandscapeRight";
				IPHONEOS_DEPLOYMENT_TARGET = 13.1;
				LD_RUNPATH_SEARCH_PATHS = (
					"$(inherited)",
					"@executable_path/Frameworks",
				);
				MARKETING_VERSION = 1.9;
				PRODUCT_BUNDLE_IDENTIFIER = com.trialx.flash;
				PRODUCT_NAME = "$(TARGET_NAME)";
				SWIFT_EMIT_LOC_STRINGS = YES;
				SWIFT_VERSION = 5.0;
				TARGETED_DEVICE_FAMILY = "1,2";
			};
			name = Debug;
		};
		845E6AEE28A75E8800E3DC07 /* Release */ = {
			isa = XCBuildConfiguration;
			baseConfigurationReference = 257E35D7E0DB494149BAB937 /* Pods-Screen Audio Record.release.xcconfig */;
			buildSettings = {
				ASSETCATALOG_COMPILER_APPICON_NAME = AppIcon;
				ASSETCATALOG_COMPILER_GLOBAL_ACCENT_COLOR_NAME = AccentColor;
				CODE_SIGN_STYLE = Automatic;
				CURRENT_PROJECT_VERSION = 9;
				DEVELOPMENT_TEAM = EX4A386PXY;
				GENERATE_INFOPLIST_FILE = YES;
				INFOPLIST_FILE = "Screen Audio Record/Info.plist";
				INFOPLIST_KEY_CFBundleDisplayName = "Flash Monitor App";
				INFOPLIST_KEY_NSMicrophoneUsageDescription = "App requires Microphone Permissions to record your voice.";
				INFOPLIST_KEY_UIApplicationSupportsIndirectInputEvents = YES;
				INFOPLIST_KEY_UILaunchStoryboardName = LaunchScreen;
				INFOPLIST_KEY_UIMainStoryboardFile = Main;
				INFOPLIST_KEY_UISupportedInterfaceOrientations_iPad = "UIInterfaceOrientationPortrait UIInterfaceOrientationPortraitUpsideDown UIInterfaceOrientationLandscapeLeft UIInterfaceOrientationLandscapeRight";
				INFOPLIST_KEY_UISupportedInterfaceOrientations_iPhone = "UIInterfaceOrientationPortrait UIInterfaceOrientationLandscapeLeft UIInterfaceOrientationLandscapeRight";
				IPHONEOS_DEPLOYMENT_TARGET = 13.1;
				LD_RUNPATH_SEARCH_PATHS = (
					"$(inherited)",
					"@executable_path/Frameworks",
				);
				MARKETING_VERSION = 1.9;
				PRODUCT_BUNDLE_IDENTIFIER = com.trialx.flash;
				PRODUCT_NAME = "$(TARGET_NAME)";
				SWIFT_EMIT_LOC_STRINGS = YES;
				SWIFT_VERSION = 5.0;
				TARGETED_DEVICE_FAMILY = "1,2";
			};
			name = Release;
		};
/* End XCBuildConfiguration section */

/* Begin XCConfigurationList section */
		845E6AD328A75E8400E3DC07 /* Build configuration list for PBXProject "Screen Audio Record" */ = {
			isa = XCConfigurationList;
			buildConfigurations = (
				845E6AEA28A75E8800E3DC07 /* Debug */,
				845E6AEB28A75E8800E3DC07 /* Release */,
			);
			defaultConfigurationIsVisible = 0;
			defaultConfigurationName = Release;
		};
		845E6AEC28A75E8800E3DC07 /* Build configuration list for PBXNativeTarget "Screen Audio Record" */ = {
			isa = XCConfigurationList;
			buildConfigurations = (
				845E6AED28A75E8800E3DC07 /* Debug */,
				845E6AEE28A75E8800E3DC07 /* Release */,
			);
			defaultConfigurationIsVisible = 0;
			defaultConfigurationName = Release;
		};
/* End XCConfigurationList section */
	};
	rootObject = 845E6AD028A75E8400E3DC07 /* Project object */;
}
